{
  "name": "Demo",
  "lockfileVersion": 3,
  "requires": true,
  "packages": {
    "": {
      "dependencies": {
        "pure-snow.js": "^2.1.0"
      }
    },
    "node_modules/pure-snow.js": {
      "version": "2.1.0",
      "resolved": "https://registry.npmjs.org/pure-snow.js/-/pure-snow.js-2.1.0.tgz",
      "integrity": "sha512-+nucAfvxnOp+p2VdQRYJkATcz/d/f7txgxzU0ybb1po5XzLzQpwxOiz6PfdzwQCPLOMBOQ8Lx1OZVon8xB8vaQ=="
    }
  }
}
